
Microsoft Visual Studio Solution File, Format Version 12.00
# Visual Studio 15
VisualStudioVersion = 15.0.27406.0
MinimumVisualStudioVersion = 10.0.40219.1
Project("{FAE04EC0-301F-11D3-BF4B-00C04F79EFBC}") = "time-keeper", "time-keeper\time-keeper.csproj", "{3AEDD5C9-97A3-43C5-8992-55F432E2ABEF}"
EndProject
Global
	GlobalSection(SolutionConfigurationPlatforms) = preSolution
		Debug|Any CPU = Debug|Any CPU
		Release|Any CPU = Release|Any CPU
	EndGlobalSection
	GlobalSection(ProjectConfigurationPlatforms) = postSolution
		{3AEDD5C9-97A3-43C5-8992-55F432E2ABEF}.Debug|Any CPU.ActiveCfg = Debug|Any CPU
		{3AEDD5C9-97A3-43C5-8992-55F432E2ABEF}.Debug|Any CPU.Build.0 = Debug|Any CPU
		{3AEDD5C9-97A3-43C5-8992-55F432E2ABEF}.Release|Any CPU.ActiveCfg = Release|Any CPU
		{3AEDD5C9-97A3-43C5-8992-55F432E2ABEF}.Release|Any CPU.Build.0 = Release|Any CPU
	EndGlobalSection
	GlobalSection(SolutionProperties) = preSolution
		HideSolutionNode = FALSE
	EndGlobalSection
	GlobalSection(ExtensibilityGlobals) = postSolution
		SolutionGuid = {F81896D6-D797-4C56-81CA-5EE760E0FC6A}
	EndGlobalSection
EndGlobal
